
Microsoft Visual Studio Solution File, Format Version 11.00
# Visual Studio 2010
Project("{FAE04EC0-301F-11D3-BF4B-00C04F79EFBC}") = "Assembly-CSharp", "Assembly-CSharp.csproj", "{8BD4DE5E-003E-37BB-20AA-610F10074C53}"
EndProject
Project("{FAE04EC0-301F-11D3-BF4B-00C04F79EFBC}") = "Assembly-CSharp-Editor", "Assembly-CSharp-Editor.csproj", "{759FD790-0352-1D25-F872-EE88323C50DE}"
EndProject
Global
	GlobalSection(SolutionConfigurationPlatforms) = preSolution
		Debug|Any CPU = Debug|Any CPU
		Release|Any CPU = Release|Any CPU
	EndGlobalSection
	GlobalSection(ProjectConfigurationPlatforms) = postSolution
		{8BD4DE5E-003E-37BB-20AA-610F10074C53}.Debug|Any CPU.ActiveCfg = Debug|Any CPU
		{8BD4DE5E-003E-37BB-20AA-610F10074C53}.Debug|Any CPU.Build.0 = Debug|Any CPU
		{8BD4DE5E-003E-37BB-20AA-610F10074C53}.Release|Any CPU.ActiveCfg = Release|Any CPU
		{8BD4DE5E-003E-37BB-20AA-610F10074C53}.Release|Any CPU.Build.0 = Release|Any CPU
		{759FD790-0352-1D25-F872-EE88323C50DE}.Debug|Any CPU.ActiveCfg = Debug|Any CPU
		{759FD790-0352-1D25-F872-EE88323C50DE}.Debug|Any CPU.Build.0 = Debug|Any CPU
		{759FD790-0352-1D25-F872-EE88323C50DE}.Release|Any CPU.ActiveCfg = Release|Any CPU
		{759FD790-0352-1D25-F872-EE88323C50DE}.Release|Any CPU.Build.0 = Release|Any CPU
	EndGlobalSection
	GlobalSection(SolutionProperties) = preSolution
		HideSolutionNode = FALSE
	EndGlobalSection
EndGlobal
